
Microsoft Visual Studio Solution File, Format Version 12.00
# Visual Studio 15
VisualStudioVersion = 15.0.27703.2047
MinimumVisualStudioVersion = 10.0.40219.1
Project("{FAE04EC0-301F-11D3-BF4B-00C04F79EFBC}") = "Entidades", "Entidades\Entidades.csproj", "{48B57E17-9ECF-40CC-88DC-8AFA0B40D31B}"
EndProject
Global
	GlobalSection(SolutionConfigurationPlatforms) = preSolution
		Debug|Any CPU = Debug|Any CPU
		Release|Any CPU = Release|Any CPU
	EndGlobalSection
	GlobalSection(ProjectConfigurationPlatforms) = postSolution
		{48B57E17-9ECF-40CC-88DC-8AFA0B40D31B}.Debug|Any CPU.ActiveCfg = Debug|Any CPU
		{48B57E17-9ECF-40CC-88DC-8AFA0B40D31B}.Debug|Any CPU.Build.0 = Debug|Any CPU
		{48B57E17-9ECF-40CC-88DC-8AFA0B40D31B}.Release|Any CPU.ActiveCfg = Release|Any CPU
		{48B57E17-9ECF-40CC-88DC-8AFA0B40D31B}.Release|Any CPU.Build.0 = Release|Any CPU
	EndGlobalSection
	GlobalSection(SolutionProperties) = preSolution
		HideSolutionNode = FALSE
	EndGlobalSection
	GlobalSection(ExtensibilityGlobals) = postSolution
		SolutionGuid = {37208DBB-5DB4-4E26-80A7-ED72FAAEC98A}
	EndGlobalSection
EndGlobal
